
Microsoft Visual Studio Solution File, Format Version 12.00
# Visual Studio Version 17
VisualStudioVersion = 17.0.32112.339
MinimumVisualStudioVersion = 10.0.40219.1
Project("{FAE04EC0-301F-11D3-BF4B-00C04F79EFBC}") = "OCPI", "OCPI\OCPI.csproj", "{E36DB7B7-07BC-48CC-895D-A6B3B50E6237}"
EndProject
Global
	GlobalSection(SolutionConfigurationPlatforms) = preSolution
		Debug|Any CPU = Debug|Any CPU
		Release|Any CPU = Release|Any CPU
	EndGlobalSection
	GlobalSection(ProjectConfigurationPlatforms) = postSolution
		{E36DB7B7-07BC-48CC-895D-A6B3B50E6237}.Debug|Any CPU.ActiveCfg = Debug|Any CPU
		{E36DB7B7-07BC-48CC-895D-A6B3B50E6237}.Debug|Any CPU.Build.0 = Debug|Any CPU
		{E36DB7B7-07BC-48CC-895D-A6B3B50E6237}.Release|Any CPU.ActiveCfg = Release|Any CPU
		{E36DB7B7-07BC-48CC-895D-A6B3B50E6237}.Release|Any CPU.Build.0 = Release|Any CPU
	EndGlobalSection
	GlobalSection(SolutionProperties) = preSolution
		HideSolutionNode = FALSE
	EndGlobalSection
	GlobalSection(ExtensibilityGlobals) = postSolution
		SolutionGuid = {B6B5F89B-B10D-4B46-A18A-ED55F5A0986E}
	EndGlobalSection
EndGlobal
